
Microsoft Visual Studio Solution File, Format Version 12.00
# Visual Studio Version 17
VisualStudioVersion = 17.0.31903.59
MinimumVisualStudioVersion = 10.0.40219.1
Project("{2150E333-8FDC-42A3-9474-1A3956D46DE8}") = "Gateway", "Gateway", "{1E2DAAC3-0EBF-4FBD-A362-C8C89DB6B861}"
EndProject
Project("{FAE04EC0-301F-11D3-BF4B-00C04F79EFBC}") = "SdxCore.Gateway.API", "src\Gateway\SdxCore.Gateway.API\SdxCore.Gateway.API.csproj", "{44601684-94ED-4393-A023-6AE7E917809F}"
EndProject
Project("{2150E333-8FDC-42A3-9474-1A3956D46DE8}") = "Services", "Services", "{F5A16635-3016-4BF2-B844-A331852CE52C}"
EndProject
Project("{2150E333-8FDC-42A3-9474-1A3956D46DE8}") = "Identity", "Identity", "{55C45D99-2C02-4CE6-9ECB-3803EF763C34}"
EndProject
Project("{FAE04EC0-301F-11D3-BF4B-00C04F79EFBC}") = "SdxCore.Identity.Domain", "src\Services\Identity\SdxCore.Identity.Domain\SdxCore.Identity.Domain.csproj", "{40230FE4-DABD-4C60-98F6-92F7E125308E}"
EndProject
Project("{FAE04EC0-301F-11D3-BF4B-00C04F79EFBC}") = "SdxCore.Identity.Application", "src\Services\Identity\SdxCore.Identity.Application\SdxCore.Identity.Application.csproj", "{E374557B-4B0E-4D6A-ABBB-74DF21AD2DC1}"
EndProject
Project("{FAE04EC0-301F-11D3-BF4B-00C04F79EFBC}") = "SdxCore.Identity.Persistence", "src\Services\Identity\SdxCore.Identity.Persistence\SdxCore.Identity.Persistence.csproj", "{6FB1FD16-AF90-415A-9AF8-EA5548C640FC}"
EndProject
Project("{FAE04EC0-301F-11D3-BF4B-00C04F79EFBC}") = "SdxCore.Identity.API", "src\Services\Identity\SdxCore.Identity.API\SdxCore.Identity.API.csproj", "{AA012950-ECC2-49D6-B508-1ED149AC8760}"
EndProject
Project("{2150E333-8FDC-42A3-9474-1A3956D46DE8}") = "BuildingBlocks", "BuildingBlocks", "{0A832D69-5E1E-4611-A5F3-9A8E4AA38B2F}"
EndProject
Project("{FAE04EC0-301F-11D3-BF4B-00C04F79EFBC}") = "SdxCore.SharedKernel", "src\BuildingBlocks\SdxCore.SharedKernel\SdxCore.SharedKernel.csproj", "{CCA0EB92-E17A-4EF5-9266-2E7E22F317AB}"
EndProject
Project("{FAE04EC0-301F-11D3-BF4B-00C04F79EFBC}") = "SdxCore.Common", "src\BuildingBlocks\SdxCore.Common\SdxCore.Common.csproj", "{99F9EA94-D76A-4FEE-97A3-F08AF221CF7C}"
EndProject
Project("{FAE04EC0-301F-11D3-BF4B-00C04F79EFBC}") = "SdxCore.Contracts", "src\BuildingBlocks\SdxCore.Contracts\SdxCore.Contracts.csproj", "{7128A260-82EE-419C-B725-AECAC645AE94}"
EndProject
Project("{2150E333-8FDC-42A3-9474-1A3956D46DE8}") = "tests", "tests", "{F7DC2D7A-5C29-4BB1-A490-821269025B26}"
EndProject
Project("{FAE04EC0-301F-11D3-BF4B-00C04F79EFBC}") = "SdxCore.Identity.Tests", "tests\Identity.Tests\SdxCore.Identity.Tests.csproj", "{D5B9E8E0-8D9D-4B43-AB65-DE0596AC97B0}"
EndProject
Project("{FAE04EC0-301F-11D3-BF4B-00C04F79EFBC}") = "SdxCore.PasswordHasher.Tests", "tests\PasswordHasher.Tests\SdxCore.PasswordHasher.Tests.csproj", "{0918197F-8C2F-4F33-939E-139DA879C148}"
EndProject
Project("{2150E333-8FDC-42A3-9474-1A3956D46DE8}") = "Database", "Database", "{B8E4D7F2-3C1A-4E9B-8F2D-6A5C7E9F1B3D}"
EndProject
Project("{00D1A9C2-B5F0-4AF3-8072-F6C62B433612}") = "SdxCore.Database", "src\Database\SdxCore.Database.sqlproj", "{8B3E4F2A-9C7D-4E1B-A5F3-2D8C9E6F1A4B}"
EndProject
Project("{2150E333-8FDC-42A3-9474-1A3956D46DE8}") = "Shared", "Shared", "{030D1348-AAAD-47CC-9B93-5CC21914CA15}"
EndProject
Project("{FAE04EC0-301F-11D3-BF4B-00C04F79EFBC}") = "SdxCore.Shared.Domain", "src\Services\Shared\SdxCore.Shared.Domain\SdxCore.Shared.Domain.csproj", "{4996EA4D-C65A-4490-881C-8927096BCBE7}"
EndProject
Project("{FAE04EC0-301F-11D3-BF4B-00C04F79EFBC}") = "SdxCore.Shared.Application", "src\Services\Shared\SdxCore.Shared.Application\SdxCore.Shared.Application.csproj", "{11D1BC7B-9038-4511-9E6E-0950A5FFCAB4}"
EndProject
Project("{FAE04EC0-301F-11D3-BF4B-00C04F79EFBC}") = "SdxCore.Shared.Persistence", "src\Services\Shared\SdxCore.Shared.Persistence\SdxCore.Shared.Persistence.csproj", "{9D1DDC92-2443-4AB9-A711-30633C8F13E1}"
EndProject
Project("{FAE04EC0-301F-11D3-BF4B-00C04F79EFBC}") = "SdxCore.Shared.API", "src\Services\Shared\SdxCore.Shared.API\SdxCore.Shared.API.csproj", "{B61582E2-CDD9-415A-9BE7-4FC37094457A}"
EndProject
Project("{2150E333-8FDC-42A3-9474-1A3956D46DE8}") = "Time", "Time", "{35872C24-96B9-41D4-8BE5-F4DE31EE0394}"
EndProject
Project("{FAE04EC0-301F-11D3-BF4B-00C04F79EFBC}") = "SdxCore.Time.API", "src\Services\Time\SdxCore.Time.API\SdxCore.Time.API.csproj", "{E044ECE9-C91D-43E4-9B3D-D2D221CC848A}"
EndProject
Project("{FAE04EC0-301F-11D3-BF4B-00C04F79EFBC}") = "SdxCore.Time.Application", "src\Services\Time\SdxCore.Time.Application\SdxCore.Time.Application.csproj", "{5F5C3FEA-8156-4AF2-A6ED-13AE4EB3649C}"
EndProject
Project("{FAE04EC0-301F-11D3-BF4B-00C04F79EFBC}") = "SdxCore.Time.Domain", "src\Services\Time\SdxCore.Time.Domain\SdxCore.Time.Domain.csproj", "{3D9A572A-8BC4-4568-8184-0C1C8459A725}"
EndProject
Project("{FAE04EC0-301F-11D3-BF4B-00C04F79EFBC}") = "SdxCore.Time.Persistence", "src\Services\Time\SdxCore.Time.Persistence\SdxCore.Time.Persistence.csproj", "{874405B6-0026-4A2C-A87E-08786188959A}"
EndProject
Project("{FAE04EC0-301F-11D3-BF4B-00C04F79EFBC}") = "SdxCore.FileStorage", "src\BuildingBlocks\SdxCore.FileStorage\SdxCore.FileStorage.csproj", "{13105EE4-280F-4CAA-B1EC-EADA870BB6B7}"
EndProject
Project("{FAE04EC0-301F-11D3-BF4B-00C04F79EFBC}") = "SdxCore.File.API", "src\Services\File\SdxCore.File.API\SdxCore.File.API.csproj", "{FFA35224-3F1C-4A34-B429-F7E0D7C4640E}"
EndProject
Project("{2150E333-8FDC-42A3-9474-1A3956D46DE8}") = "File", "File", "{DDF5D8B1-2F3B-46BA-B5E7-5F68BDD58F4C}"
EndProject
Global
	GlobalSection(SolutionConfigurationPlatforms) = preSolution
		Debug|Any CPU = Debug|Any CPU
		Release|Any CPU = Release|Any CPU
	EndGlobalSection
	GlobalSection(ProjectConfigurationPlatforms) = postSolution
		{44601684-94ED-4393-A023-6AE7E917809F}.Debug|Any CPU.ActiveCfg = Debug|Any CPU
		{44601684-94ED-4393-A023-6AE7E917809F}.Debug|Any CPU.Build.0 = Debug|Any CPU
		{44601684-94ED-4393-A023-6AE7E917809F}.Release|Any CPU.ActiveCfg = Release|Any CPU
		{44601684-94ED-4393-A023-6AE7E917809F}.Release|Any CPU.Build.0 = Release|Any CPU
		{40230FE4-DABD-4C60-98F6-92F7E125308E}.Debug|Any CPU.ActiveCfg = Debug|Any CPU
		{40230FE4-DABD-4C60-98F6-92F7E125308E}.Debug|Any CPU.Build.0 = Debug|Any CPU
		{40230FE4-DABD-4C60-98F6-92F7E125308E}.Release|Any CPU.ActiveCfg = Release|Any CPU
		{40230FE4-DABD-4C60-98F6-92F7E125308E}.Release|Any CPU.Build.0 = Release|Any CPU
		{E374557B-4B0E-4D6A-ABBB-74DF21AD2DC1}.Debug|Any CPU.ActiveCfg = Debug|Any CPU
		{E374557B-4B0E-4D6A-ABBB-74DF21AD2DC1}.Debug|Any CPU.Build.0 = Debug|Any CPU
		{E374557B-4B0E-4D6A-ABBB-74DF21AD2DC1}.Release|Any CPU.ActiveCfg = Release|Any CPU
		{E374557B-4B0E-4D6A-ABBB-74DF21AD2DC1}.Release|Any CPU.Build.0 = Release|Any CPU
		{6FB1FD16-AF90-415A-9AF8-EA5548C640FC}.Debug|Any CPU.ActiveCfg = Debug|Any CPU
		{6FB1FD16-AF90-415A-9AF8-EA5548C640FC}.Debug|Any CPU.Build.0 = Debug|Any CPU
		{6FB1FD16-AF90-415A-9AF8-EA5548C640FC}.Release|Any CPU.ActiveCfg = Release|Any CPU
		{6FB1FD16-AF90-415A-9AF8-EA5548C640FC}.Release|Any CPU.Build.0 = Release|Any CPU
		{AA012950-ECC2-49D6-B508-1ED149AC8760}.Debug|Any CPU.ActiveCfg = Debug|Any CPU
		{AA012950-ECC2-49D6-B508-1ED149AC8760}.Debug|Any CPU.Build.0 = Debug|Any CPU
		{AA012950-ECC2-49D6-B508-1ED149AC8760}.Release|Any CPU.ActiveCfg = Release|Any CPU
		{AA012950-ECC2-49D6-B508-1ED149AC8760}.Release|Any CPU.Build.0 = Release|Any CPU
		{CCA0EB92-E17A-4EF5-9266-2E7E22F317AB}.Debug|Any CPU.ActiveCfg = Debug|Any CPU
		{CCA0EB92-E17A-4EF5-9266-2E7E22F317AB}.Debug|Any CPU.Build.0 = Debug|Any CPU
		{CCA0EB92-E17A-4EF5-9266-2E7E22F317AB}.Release|Any CPU.ActiveCfg = Release|Any CPU
		{CCA0EB92-E17A-4EF5-9266-2E7E22F317AB}.Release|Any CPU.Build.0 = Release|Any CPU
		{99F9EA94-D76A-4FEE-97A3-F08AF221CF7C}.Debug|Any CPU.ActiveCfg = Debug|Any CPU
		{99F9EA94-D76A-4FEE-97A3-F08AF221CF7C}.Debug|Any CPU.Build.0 = Debug|Any CPU
		{99F9EA94-D76A-4FEE-97A3-F08AF221CF7C}.Release|Any CPU.ActiveCfg = Release|Any CPU
		{99F9EA94-D76A-4FEE-97A3-F08AF221CF7C}.Release|Any CPU.Build.0 = Release|Any CPU
		{7128A260-82EE-419C-B725-AECAC645AE94}.Debug|Any CPU.ActiveCfg = Debug|Any CPU
		{7128A260-82EE-419C-B725-AECAC645AE94}.Debug|Any CPU.Build.0 = Debug|Any CPU
		{7128A260-82EE-419C-B725-AECAC645AE94}.Release|Any CPU.ActiveCfg = Release|Any CPU
		{7128A260-82EE-419C-B725-AECAC645AE94}.Release|Any CPU.Build.0 = Release|Any CPU
		{D5B9E8E0-8D9D-4B43-AB65-DE0596AC97B0}.Debug|Any CPU.ActiveCfg = Debug|Any CPU
		{D5B9E8E0-8D9D-4B43-AB65-DE0596AC97B0}.Debug|Any CPU.Build.0 = Debug|Any CPU
		{D5B9E8E0-8D9D-4B43-AB65-DE0596AC97B0}.Release|Any CPU.ActiveCfg = Release|Any CPU
		{D5B9E8E0-8D9D-4B43-AB65-DE0596AC97B0}.Release|Any CPU.Build.0 = Release|Any CPU
		{0918197F-8C2F-4F33-939E-139DA879C148}.Debug|Any CPU.ActiveCfg = Debug|Any CPU
		{0918197F-8C2F-4F33-939E-139DA879C148}.Debug|Any CPU.Build.0 = Debug|Any CPU
		{0918197F-8C2F-4F33-939E-139DA879C148}.Release|Any CPU.ActiveCfg = Release|Any CPU
		{0918197F-8C2F-4F33-939E-139DA879C148}.Release|Any CPU.Build.0 = Release|Any CPU
		{8B3E4F2A-9C7D-4E1B-A5F3-2D8C9E6F1A4B}.Debug|Any CPU.ActiveCfg = Debug|Any CPU
		{8B3E4F2A-9C7D-4E1B-A5F3-2D8C9E6F1A4B}.Debug|Any CPU.Build.0 = Debug|Any CPU
		{8B3E4F2A-9C7D-4E1B-A5F3-2D8C9E6F1A4B}.Debug|Any CPU.Deploy.0 = Debug|Any CPU
		{8B3E4F2A-9C7D-4E1B-A5F3-2D8C9E6F1A4B}.Release|Any CPU.ActiveCfg = Release|Any CPU
		{8B3E4F2A-9C7D-4E1B-A5F3-2D8C9E6F1A4B}.Release|Any CPU.Build.0 = Release|Any CPU
		{8B3E4F2A-9C7D-4E1B-A5F3-2D8C9E6F1A4B}.Release|Any CPU.Deploy.0 = Release|Any CPU
		{4996EA4D-C65A-4490-881C-8927096BCBE7}.Debug|Any CPU.ActiveCfg = Debug|Any CPU
		{4996EA4D-C65A-4490-881C-8927096BCBE7}.Debug|Any CPU.Build.0 = Debug|Any CPU
		{4996EA4D-C65A-4490-881C-8927096BCBE7}.Release|Any CPU.ActiveCfg = Release|Any CPU
		{4996EA4D-C65A-4490-881C-8927096BCBE7}.Release|Any CPU.Build.0 = Release|Any CPU
		{11D1BC7B-9038-4511-9E6E-0950A5FFCAB4}.Debug|Any CPU.ActiveCfg = Debug|Any CPU
		{11D1BC7B-9038-4511-9E6E-0950A5FFCAB4}.Debug|Any CPU.Build.0 = Debug|Any CPU
		{11D1BC7B-9038-4511-9E6E-0950A5FFCAB4}.Release|Any CPU.ActiveCfg = Release|Any CPU
		{11D1BC7B-9038-4511-9E6E-0950A5FFCAB4}.Release|Any CPU.Build.0 = Release|Any CPU
		{9D1DDC92-2443-4AB9-A711-30633C8F13E1}.Debug|Any CPU.ActiveCfg = Debug|Any CPU
		{9D1DDC92-2443-4AB9-A711-30633C8F13E1}.Debug|Any CPU.Build.0 = Debug|Any CPU
		{9D1DDC92-2443-4AB9-A711-30633C8F13E1}.Release|Any CPU.ActiveCfg = Release|Any CPU
		{9D1DDC92-2443-4AB9-A711-30633C8F13E1}.Release|Any CPU.Build.0 = Release|Any CPU
		{B61582E2-CDD9-415A-9BE7-4FC37094457A}.Debug|Any CPU.ActiveCfg = Debug|Any CPU
		{B61582E2-CDD9-415A-9BE7-4FC37094457A}.Debug|Any CPU.Build.0 = Debug|Any CPU
		{B61582E2-CDD9-415A-9BE7-4FC37094457A}.Release|Any CPU.ActiveCfg = Release|Any CPU
		{B61582E2-CDD9-415A-9BE7-4FC37094457A}.Release|Any CPU.Build.0 = Release|Any CPU
		{E044ECE9-C91D-43E4-9B3D-D2D221CC848A}.Debug|Any CPU.ActiveCfg = Debug|Any CPU
		{E044ECE9-C91D-43E4-9B3D-D2D221CC848A}.Debug|Any CPU.Build.0 = Debug|Any CPU
		{E044ECE9-C91D-43E4-9B3D-D2D221CC848A}.Release|Any CPU.ActiveCfg = Release|Any CPU
		{E044ECE9-C91D-43E4-9B3D-D2D221CC848A}.Release|Any CPU.Build.0 = Release|Any CPU
		{5F5C3FEA-8156-4AF2-A6ED-13AE4EB3649C}.Debug|Any CPU.ActiveCfg = Debug|Any CPU
		{5F5C3FEA-8156-4AF2-A6ED-13AE4EB3649C}.Debug|Any CPU.Build.0 = Debug|Any CPU
		{5F5C3FEA-8156-4AF2-A6ED-13AE4EB3649C}.Release|Any CPU.ActiveCfg = Release|Any CPU
		{5F5C3FEA-8156-4AF2-A6ED-13AE4EB3649C}.Release|Any CPU.Build.0 = Release|Any CPU
		{3D9A572A-8BC4-4568-8184-0C1C8459A725}.Debug|Any CPU.ActiveCfg = Debug|Any CPU
		{3D9A572A-8BC4-4568-8184-0C1C8459A725}.Debug|Any CPU.Build.0 = Debug|Any CPU
		{3D9A572A-8BC4-4568-8184-0C1C8459A725}.Release|Any CPU.ActiveCfg = Release|Any CPU
		{3D9A572A-8BC4-4568-8184-0C1C8459A725}.Release|Any CPU.Build.0 = Release|Any CPU
		{874405B6-0026-4A2C-A87E-08786188959A}.Debug|Any CPU.ActiveCfg = Debug|Any CPU
		{874405B6-0026-4A2C-A87E-08786188959A}.Debug|Any CPU.Build.0 = Debug|Any CPU
		{874405B6-0026-4A2C-A87E-08786188959A}.Release|Any CPU.ActiveCfg = Release|Any CPU
		{874405B6-0026-4A2C-A87E-08786188959A}.Release|Any CPU.Build.0 = Release|Any CPU
		{13105EE4-280F-4CAA-B1EC-EADA870BB6B7}.Debug|Any CPU.ActiveCfg = Debug|Any CPU
		{13105EE4-280F-4CAA-B1EC-EADA870BB6B7}.Debug|Any CPU.Build.0 = Debug|Any CPU
		{13105EE4-280F-4CAA-B1EC-EADA870BB6B7}.Release|Any CPU.ActiveCfg = Release|Any CPU
		{13105EE4-280F-4CAA-B1EC-EADA870BB6B7}.Release|Any CPU.Build.0 = Release|Any CPU
		{FFA35224-3F1C-4A34-B429-F7E0D7C4640E}.Debug|Any CPU.ActiveCfg = Debug|Any CPU
		{FFA35224-3F1C-4A34-B429-F7E0D7C4640E}.Debug|Any CPU.Build.0 = Debug|Any CPU
		{FFA35224-3F1C-4A34-B429-F7E0D7C4640E}.Release|Any CPU.ActiveCfg = Release|Any CPU
		{FFA35224-3F1C-4A34-B429-F7E0D7C4640E}.Release|Any CPU.Build.0 = Release|Any CPU
	EndGlobalSection
	GlobalSection(SolutionProperties) = preSolution
		HideSolutionNode = FALSE
	EndGlobalSection
	GlobalSection(NestedProjects) = preSolution
		{44601684-94ED-4393-A023-6AE7E917809F} = {1E2DAAC3-0EBF-4FBD-A362-C8C89DB6B861}
		{55C45D99-2C02-4CE6-9ECB-3803EF763C34} = {F5A16635-3016-4BF2-B844-A331852CE52C}
		{40230FE4-DABD-4C60-98F6-92F7E125308E} = {55C45D99-2C02-4CE6-9ECB-3803EF763C34}
		{E374557B-4B0E-4D6A-ABBB-74DF21AD2DC1} = {55C45D99-2C02-4CE6-9ECB-3803EF763C34}
		{6FB1FD16-AF90-415A-9AF8-EA5548C640FC} = {55C45D99-2C02-4CE6-9ECB-3803EF763C34}
		{AA012950-ECC2-49D6-B508-1ED149AC8760} = {55C45D99-2C02-4CE6-9ECB-3803EF763C34}
		{CCA0EB92-E17A-4EF5-9266-2E7E22F317AB} = {0A832D69-5E1E-4611-A5F3-9A8E4AA38B2F}
		{99F9EA94-D76A-4FEE-97A3-F08AF221CF7C} = {0A832D69-5E1E-4611-A5F3-9A8E4AA38B2F}
		{7128A260-82EE-419C-B725-AECAC645AE94} = {0A832D69-5E1E-4611-A5F3-9A8E4AA38B2F}
		{D5B9E8E0-8D9D-4B43-AB65-DE0596AC97B0} = {F7DC2D7A-5C29-4BB1-A490-821269025B26}
		{0918197F-8C2F-4F33-939E-139DA879C148} = {F7DC2D7A-5C29-4BB1-A490-821269025B26}
		{8B3E4F2A-9C7D-4E1B-A5F3-2D8C9E6F1A4B} = {B8E4D7F2-3C1A-4E9B-8F2D-6A5C7E9F1B3D}
		{030D1348-AAAD-47CC-9B93-5CC21914CA15} = {F5A16635-3016-4BF2-B844-A331852CE52C}
		{4996EA4D-C65A-4490-881C-8927096BCBE7} = {030D1348-AAAD-47CC-9B93-5CC21914CA15}
		{11D1BC7B-9038-4511-9E6E-0950A5FFCAB4} = {030D1348-AAAD-47CC-9B93-5CC21914CA15}
		{9D1DDC92-2443-4AB9-A711-30633C8F13E1} = {030D1348-AAAD-47CC-9B93-5CC21914CA15}
		{B61582E2-CDD9-415A-9BE7-4FC37094457A} = {030D1348-AAAD-47CC-9B93-5CC21914CA15}
		{35872C24-96B9-41D4-8BE5-F4DE31EE0394} = {F5A16635-3016-4BF2-B844-A331852CE52C}
		{E044ECE9-C91D-43E4-9B3D-D2D221CC848A} = {35872C24-96B9-41D4-8BE5-F4DE31EE0394}
		{5F5C3FEA-8156-4AF2-A6ED-13AE4EB3649C} = {35872C24-96B9-41D4-8BE5-F4DE31EE0394}
		{3D9A572A-8BC4-4568-8184-0C1C8459A725} = {35872C24-96B9-41D4-8BE5-F4DE31EE0394}
		{874405B6-0026-4A2C-A87E-08786188959A} = {35872C24-96B9-41D4-8BE5-F4DE31EE0394}
		{13105EE4-280F-4CAA-B1EC-EADA870BB6B7} = {0A832D69-5E1E-4611-A5F3-9A8E4AA38B2F}
		{FFA35224-3F1C-4A34-B429-F7E0D7C4640E} = {DDF5D8B1-2F3B-46BA-B5E7-5F68BDD58F4C}
		{DDF5D8B1-2F3B-46BA-B5E7-5F68BDD58F4C} = {F5A16635-3016-4BF2-B844-A331852CE52C}
	EndGlobalSection
EndGlobal
