
Microsoft Visual Studio Solution File, Format Version 12.00
# Visual Studio Version 17
VisualStudioVersion = 17.0.31903.59
MinimumVisualStudioVersion = 10.0.40219.1
Project("{2150E333-8FDC-42A3-9474-1A3956D46DE8}") = "Gateway", "Gateway", "{1E2DAAC3-0EBF-4FBD-A362-C8C89DB6B861}"
EndProject
Project("{FAE04EC0-301F-11D3-BF4B-00C04F79EFBC}") = "SdxCore.Gateway.API", "src\Gateway\SdxCore.Gateway.API\SdxCore.Gateway.API.csproj", "{44601684-94ED-4393-A023-6AE7E917809F}"
EndProject
Project("{2150E333-8FDC-42A3-9474-1A3956D46DE8}") = "Services", "Services", "{F5A16635-3016-4BF2-B844-A331852CE52C}"
EndProject
Project("{2150E333-8FDC-42A3-9474-1A3956D46DE8}") = "Identity", "Identity", "{55C45D99-2C02-4CE6-9ECB-3803EF763C34}"
EndProject
Project("{FAE04EC0-301F-11D3-BF4B-00C04F79EFBC}") = "SdxCore.Identity.Domain", "src\Services\Identity\SdxCore.Identity.Domain\SdxCore.Identity.Domain.csproj", "{40230FE4-DABD-4C60-98F6-92F7E125308E}"
EndProject
Project("{FAE04EC0-301F-11D3-BF4B-00C04F79EFBC}") = "SdxCore.Identity.Application", "src\Services\Identity\SdxCore.Identity.Application\SdxCore.Identity.Application.csproj", "{E374557B-4B0E-4D6A-ABBB-74DF21AD2DC1}"
EndProject
Project("{FAE04EC0-301F-11D3-BF4B-00C04F79EFBC}") = "SdxCore.Identity.Persistence", "src\Services\Identity\SdxCore.Identity.Persistence\SdxCore.Identity.Persistence.csproj", "{6FB1FD16-AF90-415A-9AF8-EA5548C640FC}"
EndProject
Project("{FAE04EC0-301F-11D3-BF4B-00C04F79EFBC}") = "SdxCore.Identity.API", "src\Services\Identity\SdxCore.Identity.API\SdxCore.Identity.API.csproj", "{AA012950-ECC2-49D6-B508-1ED149AC8760}"
EndProject
Project("{2150E333-8FDC-42A3-9474-1A3956D46DE8}") = "BuildingBlocks", "BuildingBlocks", "{0A832D69-5E1E-4611-A5F3-9A8E4AA38B2F}"
EndProject
Project("{FAE04EC0-301F-11D3-BF4B-00C04F79EFBC}") = "SdxCore.SharedKernel", "src\BuildingBlocks\SdxCore.SharedKernel\SdxCore.SharedKernel.csproj", "{CCA0EB92-E17A-4EF5-9266-2E7E22F317AB}"
EndProject
Project("{FAE04EC0-301F-11D3-BF4B-00C04F79EFBC}") = "SdxCore.Common", "src\BuildingBlocks\SdxCore.Common\SdxCore.Common.csproj", "{99F9EA94-D76A-4FEE-97A3-F08AF221CF7C}"
EndProject
Project("{FAE04EC0-301F-11D3-BF4B-00C04F79EFBC}") = "SdxCore.Contracts", "src\BuildingBlocks\SdxCore.Contracts\SdxCore.Contracts.csproj", "{7128A260-82EE-419C-B725-AECAC645AE94}"
EndProject
Project("{2150E333-8FDC-42A3-9474-1A3956D46DE8}") = "tests", "tests", "{F7DC2D7A-5C29-4BB1-A490-821269025B26}"
EndProject
Project("{FAE04EC0-301F-11D3-BF4B-00C04F79EFBC}") = "SdxCore.Identity.Tests", "tests\Identity.Tests\SdxCore.Identity.Tests.csproj", "{D5B9E8E0-8D9D-4B43-AB65-DE0596AC97B0}"
EndProject
Project("{2150E333-8FDC-42A3-9474-1A3956D46DE8}") = "Product", "Product", "{9771CBC3-F8AA-499E-8297-D03302983DFD}"
EndProject
Project("{FAE04EC0-301F-11D3-BF4B-00C04F79EFBC}") = "SdxCore.Product.API", "src\Services\Product\SdxCore.Product.API\SdxCore.Product.API.csproj", "{164B14B5-A5EF-41F8-A5A9-1AEE35378904}"
EndProject
Project("{FAE04EC0-301F-11D3-BF4B-00C04F79EFBC}") = "SdxCore.Product.Application", "src\Services\Product\SdxCore.Product.Application\SdxCore.Product.Application.csproj", "{FC65D69C-5CE2-44FC-B0F1-FC091D29D806}"
EndProject
Project("{FAE04EC0-301F-11D3-BF4B-00C04F79EFBC}") = "SdxCore.Product.Domain", "src\Services\Product\SdxCore.Product.Domain\SdxCore.Product.Domain.csproj", "{350F1B24-A6F0-4F0C-A692-862CC8888007}"
EndProject
Project("{FAE04EC0-301F-11D3-BF4B-00C04F79EFBC}") = "SdxCore.Product.Persistence", "src\Services\Product\SdxCore.Product.Persistence\SdxCore.Product.Persistence.csproj", "{F9249752-31BC-4654-A8C0-E873784C8254}"
EndProject
Project("{2150E333-8FDC-42A3-9474-1A3956D46DE8}") = "Order", "Order", "{CB6E7685-2E52-40D5-B7C3-820BE9FC9E33}"
EndProject
Project("{FAE04EC0-301F-11D3-BF4B-00C04F79EFBC}") = "SdxCore.Order.API", "src\Services\Order\SdxCore.Order.API\SdxCore.Order.API.csproj", "{E41A492C-D285-47B6-9366-DAE8DABD928D}"
EndProject
Project("{FAE04EC0-301F-11D3-BF4B-00C04F79EFBC}") = "SdxCore.Order.Application", "src\Services\Order\SdxCore.Order.Application\SdxCore.Order.Application.csproj", "{E81975F3-6094-4FDC-908C-59CCE9F206C8}"
EndProject
Project("{FAE04EC0-301F-11D3-BF4B-00C04F79EFBC}") = "SdxCore.Order.Domain", "src\Services\Order\SdxCore.Order.Domain\SdxCore.Order.Domain.csproj", "{DB5E289C-DF61-4767-ACED-C4F3C5328FCE}"
EndProject
Project("{FAE04EC0-301F-11D3-BF4B-00C04F79EFBC}") = "SdxCore.Order.Persistence", "src\Services\Order\SdxCore.Order.Persistence\SdxCore.Order.Persistence.csproj", "{B6CD0C49-3B74-461B-A19B-9BE39511BA1B}"
EndProject
Global
	GlobalSection(SolutionConfigurationPlatforms) = preSolution
		Debug|Any CPU = Debug|Any CPU
		Release|Any CPU = Release|Any CPU
	EndGlobalSection
	GlobalSection(SolutionProperties) = preSolution
		HideSolutionNode = FALSE
	EndGlobalSection
	GlobalSection(ProjectConfigurationPlatforms) = postSolution
		{44601684-94ED-4393-A023-6AE7E917809F}.Debug|Any CPU.ActiveCfg = Debug|Any CPU
		{44601684-94ED-4393-A023-6AE7E917809F}.Debug|Any CPU.Build.0 = Debug|Any CPU
		{44601684-94ED-4393-A023-6AE7E917809F}.Release|Any CPU.ActiveCfg = Release|Any CPU
		{44601684-94ED-4393-A023-6AE7E917809F}.Release|Any CPU.Build.0 = Release|Any CPU
		{40230FE4-DABD-4C60-98F6-92F7E125308E}.Debug|Any CPU.ActiveCfg = Debug|Any CPU
		{40230FE4-DABD-4C60-98F6-92F7E125308E}.Debug|Any CPU.Build.0 = Debug|Any CPU
		{40230FE4-DABD-4C60-98F6-92F7E125308E}.Release|Any CPU.ActiveCfg = Release|Any CPU
		{40230FE4-DABD-4C60-98F6-92F7E125308E}.Release|Any CPU.Build.0 = Release|Any CPU
		{E374557B-4B0E-4D6A-ABBB-74DF21AD2DC1}.Debug|Any CPU.ActiveCfg = Debug|Any CPU
		{E374557B-4B0E-4D6A-ABBB-74DF21AD2DC1}.Debug|Any CPU.Build.0 = Debug|Any CPU
		{E374557B-4B0E-4D6A-ABBB-74DF21AD2DC1}.Release|Any CPU.ActiveCfg = Release|Any CPU
		{E374557B-4B0E-4D6A-ABBB-74DF21AD2DC1}.Release|Any CPU.Build.0 = Release|Any CPU
		{6FB1FD16-AF90-415A-9AF8-EA5548C640FC}.Debug|Any CPU.ActiveCfg = Debug|Any CPU
		{6FB1FD16-AF90-415A-9AF8-EA5548C640FC}.Debug|Any CPU.Build.0 = Debug|Any CPU
		{6FB1FD16-AF90-415A-9AF8-EA5548C640FC}.Release|Any CPU.ActiveCfg = Release|Any CPU
		{6FB1FD16-AF90-415A-9AF8-EA5548C640FC}.Release|Any CPU.Build.0 = Release|Any CPU
		{AA012950-ECC2-49D6-B508-1ED149AC8760}.Debug|Any CPU.ActiveCfg = Debug|Any CPU
		{AA012950-ECC2-49D6-B508-1ED149AC8760}.Debug|Any CPU.Build.0 = Debug|Any CPU
		{AA012950-ECC2-49D6-B508-1ED149AC8760}.Release|Any CPU.ActiveCfg = Release|Any CPU
		{AA012950-ECC2-49D6-B508-1ED149AC8760}.Release|Any CPU.Build.0 = Release|Any CPU
		{CCA0EB92-E17A-4EF5-9266-2E7E22F317AB}.Debug|Any CPU.ActiveCfg = Debug|Any CPU
		{CCA0EB92-E17A-4EF5-9266-2E7E22F317AB}.Debug|Any CPU.Build.0 = Debug|Any CPU
		{CCA0EB92-E17A-4EF5-9266-2E7E22F317AB}.Release|Any CPU.ActiveCfg = Release|Any CPU
		{CCA0EB92-E17A-4EF5-9266-2E7E22F317AB}.Release|Any CPU.Build.0 = Release|Any CPU
		{99F9EA94-D76A-4FEE-97A3-F08AF221CF7C}.Debug|Any CPU.ActiveCfg = Debug|Any CPU
		{99F9EA94-D76A-4FEE-97A3-F08AF221CF7C}.Debug|Any CPU.Build.0 = Debug|Any CPU
		{99F9EA94-D76A-4FEE-97A3-F08AF221CF7C}.Release|Any CPU.ActiveCfg = Release|Any CPU
		{99F9EA94-D76A-4FEE-97A3-F08AF221CF7C}.Release|Any CPU.Build.0 = Release|Any CPU
		{7128A260-82EE-419C-B725-AECAC645AE94}.Debug|Any CPU.ActiveCfg = Debug|Any CPU
		{7128A260-82EE-419C-B725-AECAC645AE94}.Debug|Any CPU.Build.0 = Debug|Any CPU
		{7128A260-82EE-419C-B725-AECAC645AE94}.Release|Any CPU.ActiveCfg = Release|Any CPU
		{7128A260-82EE-419C-B725-AECAC645AE94}.Release|Any CPU.Build.0 = Release|Any CPU
		{D5B9E8E0-8D9D-4B43-AB65-DE0596AC97B0}.Debug|Any CPU.ActiveCfg = Debug|Any CPU
		{D5B9E8E0-8D9D-4B43-AB65-DE0596AC97B0}.Debug|Any CPU.Build.0 = Debug|Any CPU
		{D5B9E8E0-8D9D-4B43-AB65-DE0596AC97B0}.Release|Any CPU.ActiveCfg = Release|Any CPU
		{D5B9E8E0-8D9D-4B43-AB65-DE0596AC97B0}.Release|Any CPU.Build.0 = Release|Any CPU
		{164B14B5-A5EF-41F8-A5A9-1AEE35378904}.Debug|Any CPU.ActiveCfg = Debug|Any CPU
		{164B14B5-A5EF-41F8-A5A9-1AEE35378904}.Debug|Any CPU.Build.0 = Debug|Any CPU
		{164B14B5-A5EF-41F8-A5A9-1AEE35378904}.Release|Any CPU.ActiveCfg = Release|Any CPU
		{164B14B5-A5EF-41F8-A5A9-1AEE35378904}.Release|Any CPU.Build.0 = Release|Any CPU
		{FC65D69C-5CE2-44FC-B0F1-FC091D29D806}.Debug|Any CPU.ActiveCfg = Debug|Any CPU
		{FC65D69C-5CE2-44FC-B0F1-FC091D29D806}.Debug|Any CPU.Build.0 = Debug|Any CPU
		{FC65D69C-5CE2-44FC-B0F1-FC091D29D806}.Release|Any CPU.ActiveCfg = Release|Any CPU
		{FC65D69C-5CE2-44FC-B0F1-FC091D29D806}.Release|Any CPU.Build.0 = Release|Any CPU
		{350F1B24-A6F0-4F0C-A692-862CC8888007}.Debug|Any CPU.ActiveCfg = Debug|Any CPU
		{350F1B24-A6F0-4F0C-A692-862CC8888007}.Debug|Any CPU.Build.0 = Debug|Any CPU
		{350F1B24-A6F0-4F0C-A692-862CC8888007}.Release|Any CPU.ActiveCfg = Release|Any CPU
		{350F1B24-A6F0-4F0C-A692-862CC8888007}.Release|Any CPU.Build.0 = Release|Any CPU
		{F9249752-31BC-4654-A8C0-E873784C8254}.Debug|Any CPU.ActiveCfg = Debug|Any CPU
		{F9249752-31BC-4654-A8C0-E873784C8254}.Debug|Any CPU.Build.0 = Debug|Any CPU
		{F9249752-31BC-4654-A8C0-E873784C8254}.Release|Any CPU.ActiveCfg = Release|Any CPU
		{F9249752-31BC-4654-A8C0-E873784C8254}.Release|Any CPU.Build.0 = Release|Any CPU
		{E41A492C-D285-47B6-9366-DAE8DABD928D}.Debug|Any CPU.ActiveCfg = Debug|Any CPU
		{E41A492C-D285-47B6-9366-DAE8DABD928D}.Debug|Any CPU.Build.0 = Debug|Any CPU
		{E41A492C-D285-47B6-9366-DAE8DABD928D}.Release|Any CPU.ActiveCfg = Release|Any CPU
		{E41A492C-D285-47B6-9366-DAE8DABD928D}.Release|Any CPU.Build.0 = Release|Any CPU
		{E81975F3-6094-4FDC-908C-59CCE9F206C8}.Debug|Any CPU.ActiveCfg = Debug|Any CPU
		{E81975F3-6094-4FDC-908C-59CCE9F206C8}.Debug|Any CPU.Build.0 = Debug|Any CPU
		{E81975F3-6094-4FDC-908C-59CCE9F206C8}.Release|Any CPU.ActiveCfg = Release|Any CPU
		{E81975F3-6094-4FDC-908C-59CCE9F206C8}.Release|Any CPU.Build.0 = Release|Any CPU
		{DB5E289C-DF61-4767-ACED-C4F3C5328FCE}.Debug|Any CPU.ActiveCfg = Debug|Any CPU
		{DB5E289C-DF61-4767-ACED-C4F3C5328FCE}.Debug|Any CPU.Build.0 = Debug|Any CPU
		{DB5E289C-DF61-4767-ACED-C4F3C5328FCE}.Release|Any CPU.ActiveCfg = Release|Any CPU
		{DB5E289C-DF61-4767-ACED-C4F3C5328FCE}.Release|Any CPU.Build.0 = Release|Any CPU
		{B6CD0C49-3B74-461B-A19B-9BE39511BA1B}.Debug|Any CPU.ActiveCfg = Debug|Any CPU
		{B6CD0C49-3B74-461B-A19B-9BE39511BA1B}.Debug|Any CPU.Build.0 = Debug|Any CPU
		{B6CD0C49-3B74-461B-A19B-9BE39511BA1B}.Release|Any CPU.ActiveCfg = Release|Any CPU
		{B6CD0C49-3B74-461B-A19B-9BE39511BA1B}.Release|Any CPU.Build.0 = Release|Any CPU
	EndGlobalSection
	GlobalSection(NestedProjects) = preSolution
		{44601684-94ED-4393-A023-6AE7E917809F} = {1E2DAAC3-0EBF-4FBD-A362-C8C89DB6B861}
		{55C45D99-2C02-4CE6-9ECB-3803EF763C34} = {F5A16635-3016-4BF2-B844-A331852CE52C}
		{40230FE4-DABD-4C60-98F6-92F7E125308E} = {55C45D99-2C02-4CE6-9ECB-3803EF763C34}
		{E374557B-4B0E-4D6A-ABBB-74DF21AD2DC1} = {55C45D99-2C02-4CE6-9ECB-3803EF763C34}
		{6FB1FD16-AF90-415A-9AF8-EA5548C640FC} = {55C45D99-2C02-4CE6-9ECB-3803EF763C34}
		{AA012950-ECC2-49D6-B508-1ED149AC8760} = {55C45D99-2C02-4CE6-9ECB-3803EF763C34}
		{CCA0EB92-E17A-4EF5-9266-2E7E22F317AB} = {0A832D69-5E1E-4611-A5F3-9A8E4AA38B2F}
		{99F9EA94-D76A-4FEE-97A3-F08AF221CF7C} = {0A832D69-5E1E-4611-A5F3-9A8E4AA38B2F}
		{7128A260-82EE-419C-B725-AECAC645AE94} = {0A832D69-5E1E-4611-A5F3-9A8E4AA38B2F}
		{D5B9E8E0-8D9D-4B43-AB65-DE0596AC97B0} = {F7DC2D7A-5C29-4BB1-A490-821269025B26}
		{9771CBC3-F8AA-499E-8297-D03302983DFD} = {F5A16635-3016-4BF2-B844-A331852CE52C}
		{164B14B5-A5EF-41F8-A5A9-1AEE35378904} = {9771CBC3-F8AA-499E-8297-D03302983DFD}
		{FC65D69C-5CE2-44FC-B0F1-FC091D29D806} = {9771CBC3-F8AA-499E-8297-D03302983DFD}
		{350F1B24-A6F0-4F0C-A692-862CC8888007} = {9771CBC3-F8AA-499E-8297-D03302983DFD}
		{F9249752-31BC-4654-A8C0-E873784C8254} = {9771CBC3-F8AA-499E-8297-D03302983DFD}
		{CB6E7685-2E52-40D5-B7C3-820BE9FC9E33} = {F5A16635-3016-4BF2-B844-A331852CE52C}
		{E41A492C-D285-47B6-9366-DAE8DABD928D} = {CB6E7685-2E52-40D5-B7C3-820BE9FC9E33}
		{E81975F3-6094-4FDC-908C-59CCE9F206C8} = {CB6E7685-2E52-40D5-B7C3-820BE9FC9E33}
		{DB5E289C-DF61-4767-ACED-C4F3C5328FCE} = {CB6E7685-2E52-40D5-B7C3-820BE9FC9E33}
		{B6CD0C49-3B74-461B-A19B-9BE39511BA1B} = {CB6E7685-2E52-40D5-B7C3-820BE9FC9E33}
	EndGlobalSection
EndGlobal
