
Microsoft Visual Studio Solution File, Format Version 12.00
# Visual Studio Version 17
VisualStudioVersion = 17.0.31903.59
MinimumVisualStudioVersion = 10.0.40219.1
Project("{2150E333-8FDC-42A3-9474-1A3956D46DE8}") = "Gateway", "Gateway", "{1E2DAAC3-0EBF-4FBD-A362-C8C89DB6B861}"
EndProject
Project("{FAE04EC0-301F-11D3-BF4B-00C04F79EFBC}") = "SdxCore.Gateway.API", "src\Gateway\SdxCore.Gateway.API\SdxCore.Gateway.API.csproj", "{44601684-94ED-4393-A023-6AE7E917809F}"
EndProject
Project("{2150E333-8FDC-42A3-9474-1A3956D46DE8}") = "Services", "Services", "{F5A16635-3016-4BF2-B844-A331852CE52C}"
EndProject
Project("{2150E333-8FDC-42A3-9474-1A3956D46DE8}") = "Identity", "Identity", "{55C45D99-2C02-4CE6-9ECB-3803EF763C34}"
EndProject
Project("{FAE04EC0-301F-11D3-BF4B-00C04F79EFBC}") = "SdxCore.Identity.Domain", "src\Services\Identity\SdxCore.Identity.Domain\SdxCore.Identity.Domain.csproj", "{40230FE4-DABD-4C60-98F6-92F7E125308E}"
EndProject
Project("{FAE04EC0-301F-11D3-BF4B-00C04F79EFBC}") = "SdxCore.Identity.Application", "src\Services\Identity\SdxCore.Identity.Application\SdxCore.Identity.Application.csproj", "{E374557B-4B0E-4D6A-ABBB-74DF21AD2DC1}"
EndProject
Project("{FAE04EC0-301F-11D3-BF4B-00C04F79EFBC}") = "SdxCore.Identity.Persistence", "src\Services\Identity\SdxCore.Identity.Persistence\SdxCore.Identity.Persistence.csproj", "{6FB1FD16-AF90-415A-9AF8-EA5548C640FC}"
EndProject
Project("{FAE04EC0-301F-11D3-BF4B-00C04F79EFBC}") = "SdxCore.Identity.API", "src\Services\Identity\SdxCore.Identity.API\SdxCore.Identity.API.csproj", "{AA012950-ECC2-49D6-B508-1ED149AC8760}"
EndProject
Project("{2150E333-8FDC-42A3-9474-1A3956D46DE8}") = "BuildingBlocks", "BuildingBlocks", "{0A832D69-5E1E-4611-A5F3-9A8E4AA38B2F}"
EndProject
Project("{FAE04EC0-301F-11D3-BF4B-00C04F79EFBC}") = "SdxCore.SharedKernel", "src\BuildingBlocks\SdxCore.SharedKernel\SdxCore.SharedKernel.csproj", "{CCA0EB92-E17A-4EF5-9266-2E7E22F317AB}"
EndProject
Project("{FAE04EC0-301F-11D3-BF4B-00C04F79EFBC}") = "SdxCore.Common", "src\BuildingBlocks\SdxCore.Common\SdxCore.Common.csproj", "{99F9EA94-D76A-4FEE-97A3-F08AF221CF7C}"
EndProject
Project("{FAE04EC0-301F-11D3-BF4B-00C04F79EFBC}") = "SdxCore.Contracts", "src\BuildingBlocks\SdxCore.Contracts\SdxCore.Contracts.csproj", "{7128A260-82EE-419C-B725-AECAC645AE94}"
EndProject
Project("{2150E333-8FDC-42A3-9474-1A3956D46DE8}") = "tests", "tests", "{F7DC2D7A-5C29-4BB1-A490-821269025B26}"
EndProject
Project("{FAE04EC0-301F-11D3-BF4B-00C04F79EFBC}") = "SdxCore.Identity.Tests", "tests\Identity.Tests\SdxCore.Identity.Tests.csproj", "{D5B9E8E0-8D9D-4B43-AB65-DE0596AC97B0}"
EndProject
Project("{FAE04EC0-301F-11D3-BF4B-00C04F79EFBC}") = "SdxCore.PasswordHasher.Tests", "tests\PasswordHasher.Tests\SdxCore.PasswordHasher.Tests.csproj", "{0918197F-8C2F-4F33-939E-139DA879C148}"
EndProject
Project("{2150E333-8FDC-42A3-9474-1A3956D46DE8}") = "Database", "Database", "{B8E4D7F2-3C1A-4E9B-8F2D-6A5C7E9F1B3D}"
EndProject
Project("{00D1A9C2-B5F0-4AF3-8072-F6C62B433612}") = "SdxCore.Database", "src\Database\SdxCore.Database.sqlproj", "{8B3E4F2A-9C7D-4E1B-A5F3-2D8C9E6F1A4B}"
EndProject
Project("{2150E333-8FDC-42A3-9474-1A3956D46DE8}") = "Shared", "Shared", "{030D1348-AAAD-47CC-9B93-5CC21914CA15}"
EndProject
Project("{FAE04EC0-301F-11D3-BF4B-00C04F79EFBC}") = "SdxCore.Shared.Domain", "src\Services\Shared\SdxCore.Shared.Domain\SdxCore.Shared.Domain.csproj", "{4996EA4D-C65A-4490-881C-8927096BCBE7}"
EndProject
Project("{FAE04EC0-301F-11D3-BF4B-00C04F79EFBC}") = "SdxCore.Shared.Application", "src\Services\Shared\SdxCore.Shared.Application\SdxCore.Shared.Application.csproj", "{11D1BC7B-9038-4511-9E6E-0950A5FFCAB4}"
EndProject
Project("{FAE04EC0-301F-11D3-BF4B-00C04F79EFBC}") = "SdxCore.Shared.Persistence", "src\Services\Shared\SdxCore.Shared.Persistence\SdxCore.Shared.Persistence.csproj", "{9D1DDC92-2443-4AB9-A711-30633C8F13E1}"
EndProject
Project("{FAE04EC0-301F-11D3-BF4B-00C04F79EFBC}") = "SdxCore.Shared.API", "src\Services\Shared\SdxCore.Shared.API\SdxCore.Shared.API.csproj", "{B61582E2-CDD9-415A-9BE7-4FC37094457A}"
EndProject
Project("{2150E333-8FDC-42A3-9474-1A3956D46DE8}") = "Time", "Time", "{35872C24-96B9-41D4-8BE5-F4DE31EE0394}"
EndProject
Project("{FAE04EC0-301F-11D3-BF4B-00C04F79EFBC}") = "SdxCore.Time.API", "src\Services\Time\SdxCore.Time.API\SdxCore.Time.API.csproj", "{E044ECE9-C91D-43E4-9B3D-D2D221CC848A}"
EndProject
Project("{FAE04EC0-301F-11D3-BF4B-00C04F79EFBC}") = "SdxCore.Time.Application", "src\Services\Time\SdxCore.Time.Application\SdxCore.Time.Application.csproj", "{5F5C3FEA-8156-4AF2-A6ED-13AE4EB3649C}"
EndProject
Project("{FAE04EC0-301F-11D3-BF4B-00C04F79EFBC}") = "SdxCore.Time.Domain", "src\Services\Time\SdxCore.Time.Domain\SdxCore.Time.Domain.csproj", "{3D9A572A-8BC4-4568-8184-0C1C8459A725}"
EndProject
Project("{FAE04EC0-301F-11D3-BF4B-00C04F79EFBC}") = "SdxCore.Time.Persistence", "src\Services\Time\SdxCore.Time.Persistence\SdxCore.Time.Persistence.csproj", "{874405B6-0026-4A2C-A87E-08786188959A}"
EndProject
Project("{2150E333-8FDC-42A3-9474-1A3956D46DE8}") = "src", "src", "{2C6003FA-9166-4207-A472-1AAC076AEBEE}"
EndProject
Project("{2150E333-8FDC-42A3-9474-1A3956D46DE8}") = "Services", "Services", "{E73D257F-91D0-4009-9711-430104CAB3FC}"
EndProject
Project("{2150E333-8FDC-42A3-9474-1A3956D46DE8}") = "Employee", "Employee", "{309BC101-5086-4E06-9487-B078641D4259}"
EndProject
Project("{FAE04EC0-301F-11D3-BF4B-00C04F79EFBC}") = "SdxCore.Employee.API", "src\Services\Employee\SdxCore.Employee.API\SdxCore.Employee.API.csproj", "{2B48E845-B25D-4E51-A779-14262F17D4F1}"
EndProject
Project("{FAE04EC0-301F-11D3-BF4B-00C04F79EFBC}") = "SdxCore.Employee.Application", "src\Services\Employee\SdxCore.Employee.Application\SdxCore.Employee.Application.csproj", "{577D711A-DE40-4D9F-BE78-115F8C5E7211}"
EndProject
Project("{FAE04EC0-301F-11D3-BF4B-00C04F79EFBC}") = "SdxCore.Employee.Domain", "src\Services\Employee\SdxCore.Employee.Domain\SdxCore.Employee.Domain.csproj", "{036A1291-EF67-4E8B-9690-4A513FC09B29}"
EndProject
Project("{FAE04EC0-301F-11D3-BF4B-00C04F79EFBC}") = "SdxCore.Employee.Persistence", "src\Services\Employee\SdxCore.Employee.Persistence\SdxCore.Employee.Persistence.csproj", "{7756CA67-1A27-40FB-A3A1-46A7401891C2}"
EndProject
Project("{2150E333-8FDC-42A3-9474-1A3956D46DE8}") = "Workflow", "Workflow", "{B79DDD61-D036-4764-8D61-6D571879740A}"
EndProject
Project("{FAE04EC0-301F-11D3-BF4B-00C04F79EFBC}") = "SdxCore.Workflow.API", "src\Services\Workflow\SdxCore.Workflow.API\SdxCore.Workflow.API.csproj", "{B02EB88A-530D-400E-B238-A7EE85D8AAE2}"
EndProject
Project("{FAE04EC0-301F-11D3-BF4B-00C04F79EFBC}") = "SdxCore.Workflow.Application", "src\Services\Workflow\SdxCore.Workflow.Application\SdxCore.Workflow.Application.csproj", "{26B343B8-AEEB-4871-BF7F-99BD8E3FFA6C}"
EndProject
Project("{FAE04EC0-301F-11D3-BF4B-00C04F79EFBC}") = "SdxCore.Workflow.Domain", "src\Services\Workflow\SdxCore.Workflow.Domain\SdxCore.Workflow.Domain.csproj", "{F9639308-CBEA-489B-AEAD-D8A4D4757D4D}"
EndProject
Project("{FAE04EC0-301F-11D3-BF4B-00C04F79EFBC}") = "SdxCore.Workflow.Persistence", "src\Services\Workflow\SdxCore.Workflow.Persistence\SdxCore.Workflow.Persistence.csproj", "{B930958C-5A28-4703-9C7F-084E437A57F4}"
EndProject
Project("{2150E333-8FDC-42A3-9474-1A3956D46DE8}") = "Attendance", "Attendance", "{07DF2E4F-8F6A-4874-96B4-3EF788E50991}"
EndProject
Project("{FAE04EC0-301F-11D3-BF4B-00C04F79EFBC}") = "SdxCore.Attendance.API", "src\Services\Attendance\SdxCore.Attendance.API\SdxCore.Attendance.API.csproj", "{F572485F-8FB8-4513-BFC5-BBE76683B75C}"
EndProject
Project("{FAE04EC0-301F-11D3-BF4B-00C04F79EFBC}") = "SdxCore.Attendance.Application", "src\Services\Attendance\SdxCore.Attendance.Application\SdxCore.Attendance.Application.csproj", "{1083A494-8C56-4C60-A036-4BFDDEF8DAA0}"
EndProject
Project("{FAE04EC0-301F-11D3-BF4B-00C04F79EFBC}") = "SdxCore.Attendance.Domain", "src\Services\Attendance\SdxCore.Attendance.Domain\SdxCore.Attendance.Domain.csproj", "{90519605-E2BF-4ABC-9E4D-F0EE9764453E}"
EndProject
Project("{FAE04EC0-301F-11D3-BF4B-00C04F79EFBC}") = "SdxCore.Attendance.Persistence", "src\Services\Attendance\SdxCore.Attendance.Persistence\SdxCore.Attendance.Persistence.csproj", "{D20A146C-B3D9-4424-94EC-82CD0C54D53C}"
EndProject
Project("{2150E333-8FDC-42A3-9474-1A3956D46DE8}") = "Notification", "Notification", "{D7D2C36C-B9D0-4164-9981-4232E525A11B}"
EndProject
Project("{FAE04EC0-301F-11D3-BF4B-00C04F79EFBC}") = "SdxCore.Notification.API", "src\Services\Notification\SdxCore.Notification.API\SdxCore.Notification.API.csproj", "{7ABC265D-C488-4C25-9252-C4238F673985}"
EndProject
Project("{FAE04EC0-301F-11D3-BF4B-00C04F79EFBC}") = "SdxCore.Notification.Application", "src\Services\Notification\SdxCore.Notification.Application\SdxCore.Notification.Application.csproj", "{B430C6C7-B1DD-4A42-BB25-5F73966C5995}"
EndProject
Project("{FAE04EC0-301F-11D3-BF4B-00C04F79EFBC}") = "SdxCore.Notification.Domain", "src\Services\Notification\SdxCore.Notification.Domain\SdxCore.Notification.Domain.csproj", "{67C40A94-AD99-4922-B660-1B62A2DFFC39}"
EndProject
Project("{FAE04EC0-301F-11D3-BF4B-00C04F79EFBC}") = "SdxCore.Notification.Persistence", "src\Services\Notification\SdxCore.Notification.Persistence\SdxCore.Notification.Persistence.csproj", "{9721C6A7-088A-4B91-93C2-2FE927292A08}"
EndProject
Project("{FAE04EC0-301F-11D3-BF4B-00C04F79EFBC}") = "SdxCore.Attendance.Processor", "src\Services\Attendance\SdxCore.Attendance.Processor\SdxCore.Attendance.Processor.csproj", "{868BB11A-D1D4-45D3-A209-8F38DB72FBEC}"
EndProject
Project("{2150E333-8FDC-42A3-9474-1A3956D46DE8}") = "File", "File", "{FB269C62-6C92-4962-B5AD-F9B408359424}"
EndProject
Project("{FAE04EC0-301F-11D3-BF4B-00C04F79EFBC}") = "SdxCore.File.API", "src\Services\File\SdxCore.File.API\SdxCore.File.API.csproj", "{52C82508-C6C4-483A-8045-6BE98F7BC096}"
EndProject
Project("{2150E333-8FDC-42A3-9474-1A3956D46DE8}") = "BuildingBlocks", "BuildingBlocks", "{7A0ADAA2-BBA3-483A-8057-2C107DEBE5B2}"
EndProject
Project("{2150E333-8FDC-42A3-9474-1A3956D46DE8}") = "SdxCore.FileStorage", "SdxCore.FileStorage", "{E6D1B2D5-9042-4DFA-88D9-27ACC769E5ED}"
EndProject
Project("{FAE04EC0-301F-11D3-BF4B-00C04F79EFBC}") = "SdxCore.FileStorage.Abstractions", "src\BuildingBlocks\SdxCore.FileStorage\SdxCore.FileStorage.Abstractions\SdxCore.FileStorage.Abstractions.csproj", "{472F09F0-E1D1-4E78-A36E-F32A1B76A3D8}"
EndProject
Project("{FAE04EC0-301F-11D3-BF4B-00C04F79EFBC}") = "SdxCore.FileStorage.SharedFileSystem", "src\BuildingBlocks\SdxCore.FileStorage\SdxCore.FileStorage.SharedFileSystem\SdxCore.FileStorage.SharedFileSystem.csproj", "{BF3E7612-A5A0-4D51-A738-FD6BDC8CE7B2}"
EndProject
Global
	GlobalSection(SolutionConfigurationPlatforms) = preSolution
		Debug|Any CPU = Debug|Any CPU
		Release|Any CPU = Release|Any CPU
	EndGlobalSection
	GlobalSection(ProjectConfigurationPlatforms) = postSolution
		{44601684-94ED-4393-A023-6AE7E917809F}.Debug|Any CPU.ActiveCfg = Debug|Any CPU
		{44601684-94ED-4393-A023-6AE7E917809F}.Debug|Any CPU.Build.0 = Debug|Any CPU
		{44601684-94ED-4393-A023-6AE7E917809F}.Release|Any CPU.ActiveCfg = Release|Any CPU
		{44601684-94ED-4393-A023-6AE7E917809F}.Release|Any CPU.Build.0 = Release|Any CPU
		{40230FE4-DABD-4C60-98F6-92F7E125308E}.Debug|Any CPU.ActiveCfg = Debug|Any CPU
		{40230FE4-DABD-4C60-98F6-92F7E125308E}.Debug|Any CPU.Build.0 = Debug|Any CPU
		{40230FE4-DABD-4C60-98F6-92F7E125308E}.Release|Any CPU.ActiveCfg = Release|Any CPU
		{40230FE4-DABD-4C60-98F6-92F7E125308E}.Release|Any CPU.Build.0 = Release|Any CPU
		{E374557B-4B0E-4D6A-ABBB-74DF21AD2DC1}.Debug|Any CPU.ActiveCfg = Debug|Any CPU
		{E374557B-4B0E-4D6A-ABBB-74DF21AD2DC1}.Debug|Any CPU.Build.0 = Debug|Any CPU
		{E374557B-4B0E-4D6A-ABBB-74DF21AD2DC1}.Release|Any CPU.ActiveCfg = Release|Any CPU
		{E374557B-4B0E-4D6A-ABBB-74DF21AD2DC1}.Release|Any CPU.Build.0 = Release|Any CPU
		{6FB1FD16-AF90-415A-9AF8-EA5548C640FC}.Debug|Any CPU.ActiveCfg = Debug|Any CPU
		{6FB1FD16-AF90-415A-9AF8-EA5548C640FC}.Debug|Any CPU.Build.0 = Debug|Any CPU
		{6FB1FD16-AF90-415A-9AF8-EA5548C640FC}.Release|Any CPU.ActiveCfg = Release|Any CPU
		{6FB1FD16-AF90-415A-9AF8-EA5548C640FC}.Release|Any CPU.Build.0 = Release|Any CPU
		{AA012950-ECC2-49D6-B508-1ED149AC8760}.Debug|Any CPU.ActiveCfg = Debug|Any CPU
		{AA012950-ECC2-49D6-B508-1ED149AC8760}.Debug|Any CPU.Build.0 = Debug|Any CPU
		{AA012950-ECC2-49D6-B508-1ED149AC8760}.Release|Any CPU.ActiveCfg = Release|Any CPU
		{AA012950-ECC2-49D6-B508-1ED149AC8760}.Release|Any CPU.Build.0 = Release|Any CPU
		{CCA0EB92-E17A-4EF5-9266-2E7E22F317AB}.Debug|Any CPU.ActiveCfg = Debug|Any CPU
		{CCA0EB92-E17A-4EF5-9266-2E7E22F317AB}.Debug|Any CPU.Build.0 = Debug|Any CPU
		{CCA0EB92-E17A-4EF5-9266-2E7E22F317AB}.Release|Any CPU.ActiveCfg = Release|Any CPU
		{CCA0EB92-E17A-4EF5-9266-2E7E22F317AB}.Release|Any CPU.Build.0 = Release|Any CPU
		{99F9EA94-D76A-4FEE-97A3-F08AF221CF7C}.Debug|Any CPU.ActiveCfg = Debug|Any CPU
		{99F9EA94-D76A-4FEE-97A3-F08AF221CF7C}.Debug|Any CPU.Build.0 = Debug|Any CPU
		{99F9EA94-D76A-4FEE-97A3-F08AF221CF7C}.Release|Any CPU.ActiveCfg = Release|Any CPU
		{99F9EA94-D76A-4FEE-97A3-F08AF221CF7C}.Release|Any CPU.Build.0 = Release|Any CPU
		{7128A260-82EE-419C-B725-AECAC645AE94}.Debug|Any CPU.ActiveCfg = Debug|Any CPU
		{7128A260-82EE-419C-B725-AECAC645AE94}.Debug|Any CPU.Build.0 = Debug|Any CPU
		{7128A260-82EE-419C-B725-AECAC645AE94}.Release|Any CPU.ActiveCfg = Release|Any CPU
		{7128A260-82EE-419C-B725-AECAC645AE94}.Release|Any CPU.Build.0 = Release|Any CPU
		{D5B9E8E0-8D9D-4B43-AB65-DE0596AC97B0}.Debug|Any CPU.ActiveCfg = Debug|Any CPU
		{D5B9E8E0-8D9D-4B43-AB65-DE0596AC97B0}.Debug|Any CPU.Build.0 = Debug|Any CPU
		{D5B9E8E0-8D9D-4B43-AB65-DE0596AC97B0}.Release|Any CPU.ActiveCfg = Release|Any CPU
		{D5B9E8E0-8D9D-4B43-AB65-DE0596AC97B0}.Release|Any CPU.Build.0 = Release|Any CPU
		{0918197F-8C2F-4F33-939E-139DA879C148}.Debug|Any CPU.ActiveCfg = Debug|Any CPU
		{0918197F-8C2F-4F33-939E-139DA879C148}.Debug|Any CPU.Build.0 = Debug|Any CPU
		{0918197F-8C2F-4F33-939E-139DA879C148}.Release|Any CPU.ActiveCfg = Release|Any CPU
		{0918197F-8C2F-4F33-939E-139DA879C148}.Release|Any CPU.Build.0 = Release|Any CPU
		{8B3E4F2A-9C7D-4E1B-A5F3-2D8C9E6F1A4B}.Debug|Any CPU.ActiveCfg = Debug|Any CPU
		{8B3E4F2A-9C7D-4E1B-A5F3-2D8C9E6F1A4B}.Debug|Any CPU.Build.0 = Debug|Any CPU
		{8B3E4F2A-9C7D-4E1B-A5F3-2D8C9E6F1A4B}.Debug|Any CPU.Deploy.0 = Debug|Any CPU
		{8B3E4F2A-9C7D-4E1B-A5F3-2D8C9E6F1A4B}.Release|Any CPU.ActiveCfg = Release|Any CPU
		{8B3E4F2A-9C7D-4E1B-A5F3-2D8C9E6F1A4B}.Release|Any CPU.Build.0 = Release|Any CPU
		{8B3E4F2A-9C7D-4E1B-A5F3-2D8C9E6F1A4B}.Release|Any CPU.Deploy.0 = Release|Any CPU
		{4996EA4D-C65A-4490-881C-8927096BCBE7}.Debug|Any CPU.ActiveCfg = Debug|Any CPU
		{4996EA4D-C65A-4490-881C-8927096BCBE7}.Debug|Any CPU.Build.0 = Debug|Any CPU
		{4996EA4D-C65A-4490-881C-8927096BCBE7}.Release|Any CPU.ActiveCfg = Release|Any CPU
		{4996EA4D-C65A-4490-881C-8927096BCBE7}.Release|Any CPU.Build.0 = Release|Any CPU
		{11D1BC7B-9038-4511-9E6E-0950A5FFCAB4}.Debug|Any CPU.ActiveCfg = Debug|Any CPU
		{11D1BC7B-9038-4511-9E6E-0950A5FFCAB4}.Debug|Any CPU.Build.0 = Debug|Any CPU
		{11D1BC7B-9038-4511-9E6E-0950A5FFCAB4}.Release|Any CPU.ActiveCfg = Release|Any CPU
		{11D1BC7B-9038-4511-9E6E-0950A5FFCAB4}.Release|Any CPU.Build.0 = Release|Any CPU
		{9D1DDC92-2443-4AB9-A711-30633C8F13E1}.Debug|Any CPU.ActiveCfg = Debug|Any CPU
		{9D1DDC92-2443-4AB9-A711-30633C8F13E1}.Debug|Any CPU.Build.0 = Debug|Any CPU
		{9D1DDC92-2443-4AB9-A711-30633C8F13E1}.Release|Any CPU.ActiveCfg = Release|Any CPU
		{9D1DDC92-2443-4AB9-A711-30633C8F13E1}.Release|Any CPU.Build.0 = Release|Any CPU
		{B61582E2-CDD9-415A-9BE7-4FC37094457A}.Debug|Any CPU.ActiveCfg = Debug|Any CPU
		{B61582E2-CDD9-415A-9BE7-4FC37094457A}.Debug|Any CPU.Build.0 = Debug|Any CPU
		{B61582E2-CDD9-415A-9BE7-4FC37094457A}.Release|Any CPU.ActiveCfg = Release|Any CPU
		{B61582E2-CDD9-415A-9BE7-4FC37094457A}.Release|Any CPU.Build.0 = Release|Any CPU
		{E044ECE9-C91D-43E4-9B3D-D2D221CC848A}.Debug|Any CPU.ActiveCfg = Debug|Any CPU
		{E044ECE9-C91D-43E4-9B3D-D2D221CC848A}.Debug|Any CPU.Build.0 = Debug|Any CPU
		{E044ECE9-C91D-43E4-9B3D-D2D221CC848A}.Release|Any CPU.ActiveCfg = Release|Any CPU
		{E044ECE9-C91D-43E4-9B3D-D2D221CC848A}.Release|Any CPU.Build.0 = Release|Any CPU
		{5F5C3FEA-8156-4AF2-A6ED-13AE4EB3649C}.Debug|Any CPU.ActiveCfg = Debug|Any CPU
		{5F5C3FEA-8156-4AF2-A6ED-13AE4EB3649C}.Debug|Any CPU.Build.0 = Debug|Any CPU
		{5F5C3FEA-8156-4AF2-A6ED-13AE4EB3649C}.Release|Any CPU.ActiveCfg = Release|Any CPU
		{5F5C3FEA-8156-4AF2-A6ED-13AE4EB3649C}.Release|Any CPU.Build.0 = Release|Any CPU
		{3D9A572A-8BC4-4568-8184-0C1C8459A725}.Debug|Any CPU.ActiveCfg = Debug|Any CPU
		{3D9A572A-8BC4-4568-8184-0C1C8459A725}.Debug|Any CPU.Build.0 = Debug|Any CPU
		{3D9A572A-8BC4-4568-8184-0C1C8459A725}.Release|Any CPU.ActiveCfg = Release|Any CPU
		{3D9A572A-8BC4-4568-8184-0C1C8459A725}.Release|Any CPU.Build.0 = Release|Any CPU
		{874405B6-0026-4A2C-A87E-08786188959A}.Debug|Any CPU.ActiveCfg = Debug|Any CPU
		{874405B6-0026-4A2C-A87E-08786188959A}.Debug|Any CPU.Build.0 = Debug|Any CPU
		{874405B6-0026-4A2C-A87E-08786188959A}.Release|Any CPU.ActiveCfg = Release|Any CPU
		{874405B6-0026-4A2C-A87E-08786188959A}.Release|Any CPU.Build.0 = Release|Any CPU
		{2B48E845-B25D-4E51-A779-14262F17D4F1}.Debug|Any CPU.ActiveCfg = Debug|Any CPU
		{2B48E845-B25D-4E51-A779-14262F17D4F1}.Debug|Any CPU.Build.0 = Debug|Any CPU
		{2B48E845-B25D-4E51-A779-14262F17D4F1}.Release|Any CPU.ActiveCfg = Release|Any CPU
		{2B48E845-B25D-4E51-A779-14262F17D4F1}.Release|Any CPU.Build.0 = Release|Any CPU
		{577D711A-DE40-4D9F-BE78-115F8C5E7211}.Debug|Any CPU.ActiveCfg = Debug|Any CPU
		{577D711A-DE40-4D9F-BE78-115F8C5E7211}.Debug|Any CPU.Build.0 = Debug|Any CPU
		{577D711A-DE40-4D9F-BE78-115F8C5E7211}.Release|Any CPU.ActiveCfg = Release|Any CPU
		{577D711A-DE40-4D9F-BE78-115F8C5E7211}.Release|Any CPU.Build.0 = Release|Any CPU
		{036A1291-EF67-4E8B-9690-4A513FC09B29}.Debug|Any CPU.ActiveCfg = Debug|Any CPU
		{036A1291-EF67-4E8B-9690-4A513FC09B29}.Debug|Any CPU.Build.0 = Debug|Any CPU
		{036A1291-EF67-4E8B-9690-4A513FC09B29}.Release|Any CPU.ActiveCfg = Release|Any CPU
		{036A1291-EF67-4E8B-9690-4A513FC09B29}.Release|Any CPU.Build.0 = Release|Any CPU
		{7756CA67-1A27-40FB-A3A1-46A7401891C2}.Debug|Any CPU.ActiveCfg = Debug|Any CPU
		{7756CA67-1A27-40FB-A3A1-46A7401891C2}.Debug|Any CPU.Build.0 = Debug|Any CPU
		{7756CA67-1A27-40FB-A3A1-46A7401891C2}.Release|Any CPU.ActiveCfg = Release|Any CPU
		{7756CA67-1A27-40FB-A3A1-46A7401891C2}.Release|Any CPU.Build.0 = Release|Any CPU
		{B02EB88A-530D-400E-B238-A7EE85D8AAE2}.Debug|Any CPU.ActiveCfg = Debug|Any CPU
		{B02EB88A-530D-400E-B238-A7EE85D8AAE2}.Debug|Any CPU.Build.0 = Debug|Any CPU
		{B02EB88A-530D-400E-B238-A7EE85D8AAE2}.Release|Any CPU.ActiveCfg = Release|Any CPU
		{B02EB88A-530D-400E-B238-A7EE85D8AAE2}.Release|Any CPU.Build.0 = Release|Any CPU
		{26B343B8-AEEB-4871-BF7F-99BD8E3FFA6C}.Debug|Any CPU.ActiveCfg = Debug|Any CPU
		{26B343B8-AEEB-4871-BF7F-99BD8E3FFA6C}.Debug|Any CPU.Build.0 = Debug|Any CPU
		{26B343B8-AEEB-4871-BF7F-99BD8E3FFA6C}.Release|Any CPU.ActiveCfg = Release|Any CPU
		{26B343B8-AEEB-4871-BF7F-99BD8E3FFA6C}.Release|Any CPU.Build.0 = Release|Any CPU
		{F9639308-CBEA-489B-AEAD-D8A4D4757D4D}.Debug|Any CPU.ActiveCfg = Debug|Any CPU
		{F9639308-CBEA-489B-AEAD-D8A4D4757D4D}.Debug|Any CPU.Build.0 = Debug|Any CPU
		{F9639308-CBEA-489B-AEAD-D8A4D4757D4D}.Release|Any CPU.ActiveCfg = Release|Any CPU
		{F9639308-CBEA-489B-AEAD-D8A4D4757D4D}.Release|Any CPU.Build.0 = Release|Any CPU
		{B930958C-5A28-4703-9C7F-084E437A57F4}.Debug|Any CPU.ActiveCfg = Debug|Any CPU
		{B930958C-5A28-4703-9C7F-084E437A57F4}.Debug|Any CPU.Build.0 = Debug|Any CPU
		{B930958C-5A28-4703-9C7F-084E437A57F4}.Release|Any CPU.ActiveCfg = Release|Any CPU
		{B930958C-5A28-4703-9C7F-084E437A57F4}.Release|Any CPU.Build.0 = Release|Any CPU
		{F572485F-8FB8-4513-BFC5-BBE76683B75C}.Debug|Any CPU.ActiveCfg = Debug|Any CPU
		{F572485F-8FB8-4513-BFC5-BBE76683B75C}.Debug|Any CPU.Build.0 = Debug|Any CPU
		{F572485F-8FB8-4513-BFC5-BBE76683B75C}.Release|Any CPU.ActiveCfg = Release|Any CPU
		{F572485F-8FB8-4513-BFC5-BBE76683B75C}.Release|Any CPU.Build.0 = Release|Any CPU
		{1083A494-8C56-4C60-A036-4BFDDEF8DAA0}.Debug|Any CPU.ActiveCfg = Debug|Any CPU
		{1083A494-8C56-4C60-A036-4BFDDEF8DAA0}.Debug|Any CPU.Build.0 = Debug|Any CPU
		{1083A494-8C56-4C60-A036-4BFDDEF8DAA0}.Release|Any CPU.ActiveCfg = Release|Any CPU
		{1083A494-8C56-4C60-A036-4BFDDEF8DAA0}.Release|Any CPU.Build.0 = Release|Any CPU
		{90519605-E2BF-4ABC-9E4D-F0EE9764453E}.Debug|Any CPU.ActiveCfg = Debug|Any CPU
		{90519605-E2BF-4ABC-9E4D-F0EE9764453E}.Debug|Any CPU.Build.0 = Debug|Any CPU
		{90519605-E2BF-4ABC-9E4D-F0EE9764453E}.Release|Any CPU.ActiveCfg = Release|Any CPU
		{90519605-E2BF-4ABC-9E4D-F0EE9764453E}.Release|Any CPU.Build.0 = Release|Any CPU
		{D20A146C-B3D9-4424-94EC-82CD0C54D53C}.Debug|Any CPU.ActiveCfg = Debug|Any CPU
		{D20A146C-B3D9-4424-94EC-82CD0C54D53C}.Debug|Any CPU.Build.0 = Debug|Any CPU
		{D20A146C-B3D9-4424-94EC-82CD0C54D53C}.Release|Any CPU.ActiveCfg = Release|Any CPU
		{D20A146C-B3D9-4424-94EC-82CD0C54D53C}.Release|Any CPU.Build.0 = Release|Any CPU
		{7ABC265D-C488-4C25-9252-C4238F673985}.Debug|Any CPU.ActiveCfg = Debug|Any CPU
		{7ABC265D-C488-4C25-9252-C4238F673985}.Debug|Any CPU.Build.0 = Debug|Any CPU
		{7ABC265D-C488-4C25-9252-C4238F673985}.Release|Any CPU.ActiveCfg = Release|Any CPU
		{7ABC265D-C488-4C25-9252-C4238F673985}.Release|Any CPU.Build.0 = Release|Any CPU
		{B430C6C7-B1DD-4A42-BB25-5F73966C5995}.Debug|Any CPU.ActiveCfg = Debug|Any CPU
		{B430C6C7-B1DD-4A42-BB25-5F73966C5995}.Debug|Any CPU.Build.0 = Debug|Any CPU
		{B430C6C7-B1DD-4A42-BB25-5F73966C5995}.Release|Any CPU.ActiveCfg = Release|Any CPU
		{B430C6C7-B1DD-4A42-BB25-5F73966C5995}.Release|Any CPU.Build.0 = Release|Any CPU
		{67C40A94-AD99-4922-B660-1B62A2DFFC39}.Debug|Any CPU.ActiveCfg = Debug|Any CPU
		{67C40A94-AD99-4922-B660-1B62A2DFFC39}.Debug|Any CPU.Build.0 = Debug|Any CPU
		{67C40A94-AD99-4922-B660-1B62A2DFFC39}.Release|Any CPU.ActiveCfg = Release|Any CPU
		{67C40A94-AD99-4922-B660-1B62A2DFFC39}.Release|Any CPU.Build.0 = Release|Any CPU
		{9721C6A7-088A-4B91-93C2-2FE927292A08}.Debug|Any CPU.ActiveCfg = Debug|Any CPU
		{9721C6A7-088A-4B91-93C2-2FE927292A08}.Debug|Any CPU.Build.0 = Debug|Any CPU
		{9721C6A7-088A-4B91-93C2-2FE927292A08}.Release|Any CPU.ActiveCfg = Release|Any CPU
		{9721C6A7-088A-4B91-93C2-2FE927292A08}.Release|Any CPU.Build.0 = Release|Any CPU
		{868BB11A-D1D4-45D3-A209-8F38DB72FBEC}.Debug|Any CPU.ActiveCfg = Debug|Any CPU
		{868BB11A-D1D4-45D3-A209-8F38DB72FBEC}.Debug|Any CPU.Build.0 = Debug|Any CPU
		{868BB11A-D1D4-45D3-A209-8F38DB72FBEC}.Release|Any CPU.ActiveCfg = Release|Any CPU
		{868BB11A-D1D4-45D3-A209-8F38DB72FBEC}.Release|Any CPU.Build.0 = Release|Any CPU
		{52C82508-C6C4-483A-8045-6BE98F7BC096}.Debug|Any CPU.ActiveCfg = Debug|Any CPU
		{52C82508-C6C4-483A-8045-6BE98F7BC096}.Debug|Any CPU.Build.0 = Debug|Any CPU
		{52C82508-C6C4-483A-8045-6BE98F7BC096}.Release|Any CPU.ActiveCfg = Release|Any CPU
		{52C82508-C6C4-483A-8045-6BE98F7BC096}.Release|Any CPU.Build.0 = Release|Any CPU
		{472F09F0-E1D1-4E78-A36E-F32A1B76A3D8}.Debug|Any CPU.ActiveCfg = Debug|Any CPU
		{472F09F0-E1D1-4E78-A36E-F32A1B76A3D8}.Debug|Any CPU.Build.0 = Debug|Any CPU
		{472F09F0-E1D1-4E78-A36E-F32A1B76A3D8}.Release|Any CPU.ActiveCfg = Release|Any CPU
		{472F09F0-E1D1-4E78-A36E-F32A1B76A3D8}.Release|Any CPU.Build.0 = Release|Any CPU
		{BF3E7612-A5A0-4D51-A738-FD6BDC8CE7B2}.Debug|Any CPU.ActiveCfg = Debug|Any CPU
		{BF3E7612-A5A0-4D51-A738-FD6BDC8CE7B2}.Debug|Any CPU.Build.0 = Debug|Any CPU
		{BF3E7612-A5A0-4D51-A738-FD6BDC8CE7B2}.Release|Any CPU.ActiveCfg = Release|Any CPU
		{BF3E7612-A5A0-4D51-A738-FD6BDC8CE7B2}.Release|Any CPU.Build.0 = Release|Any CPU
	EndGlobalSection
	GlobalSection(SolutionProperties) = preSolution
		HideSolutionNode = FALSE
	EndGlobalSection
	GlobalSection(NestedProjects) = preSolution
		{44601684-94ED-4393-A023-6AE7E917809F} = {1E2DAAC3-0EBF-4FBD-A362-C8C89DB6B861}
		{55C45D99-2C02-4CE6-9ECB-3803EF763C34} = {F5A16635-3016-4BF2-B844-A331852CE52C}
		{40230FE4-DABD-4C60-98F6-92F7E125308E} = {55C45D99-2C02-4CE6-9ECB-3803EF763C34}
		{E374557B-4B0E-4D6A-ABBB-74DF21AD2DC1} = {55C45D99-2C02-4CE6-9ECB-3803EF763C34}
		{6FB1FD16-AF90-415A-9AF8-EA5548C640FC} = {55C45D99-2C02-4CE6-9ECB-3803EF763C34}
		{AA012950-ECC2-49D6-B508-1ED149AC8760} = {55C45D99-2C02-4CE6-9ECB-3803EF763C34}
		{CCA0EB92-E17A-4EF5-9266-2E7E22F317AB} = {0A832D69-5E1E-4611-A5F3-9A8E4AA38B2F}
		{99F9EA94-D76A-4FEE-97A3-F08AF221CF7C} = {0A832D69-5E1E-4611-A5F3-9A8E4AA38B2F}
		{7128A260-82EE-419C-B725-AECAC645AE94} = {0A832D69-5E1E-4611-A5F3-9A8E4AA38B2F}
		{D5B9E8E0-8D9D-4B43-AB65-DE0596AC97B0} = {F7DC2D7A-5C29-4BB1-A490-821269025B26}
		{0918197F-8C2F-4F33-939E-139DA879C148} = {F7DC2D7A-5C29-4BB1-A490-821269025B26}
		{8B3E4F2A-9C7D-4E1B-A5F3-2D8C9E6F1A4B} = {B8E4D7F2-3C1A-4E9B-8F2D-6A5C7E9F1B3D}
		{030D1348-AAAD-47CC-9B93-5CC21914CA15} = {F5A16635-3016-4BF2-B844-A331852CE52C}
		{4996EA4D-C65A-4490-881C-8927096BCBE7} = {030D1348-AAAD-47CC-9B93-5CC21914CA15}
		{11D1BC7B-9038-4511-9E6E-0950A5FFCAB4} = {030D1348-AAAD-47CC-9B93-5CC21914CA15}
		{9D1DDC92-2443-4AB9-A711-30633C8F13E1} = {030D1348-AAAD-47CC-9B93-5CC21914CA15}
		{B61582E2-CDD9-415A-9BE7-4FC37094457A} = {030D1348-AAAD-47CC-9B93-5CC21914CA15}
		{35872C24-96B9-41D4-8BE5-F4DE31EE0394} = {F5A16635-3016-4BF2-B844-A331852CE52C}
		{E044ECE9-C91D-43E4-9B3D-D2D221CC848A} = {35872C24-96B9-41D4-8BE5-F4DE31EE0394}
		{5F5C3FEA-8156-4AF2-A6ED-13AE4EB3649C} = {35872C24-96B9-41D4-8BE5-F4DE31EE0394}
		{3D9A572A-8BC4-4568-8184-0C1C8459A725} = {35872C24-96B9-41D4-8BE5-F4DE31EE0394}
		{874405B6-0026-4A2C-A87E-08786188959A} = {35872C24-96B9-41D4-8BE5-F4DE31EE0394}
		{E73D257F-91D0-4009-9711-430104CAB3FC} = {2C6003FA-9166-4207-A472-1AAC076AEBEE}
		{309BC101-5086-4E06-9487-B078641D4259} = {E73D257F-91D0-4009-9711-430104CAB3FC}
		{2B48E845-B25D-4E51-A779-14262F17D4F1} = {309BC101-5086-4E06-9487-B078641D4259}
		{577D711A-DE40-4D9F-BE78-115F8C5E7211} = {309BC101-5086-4E06-9487-B078641D4259}
		{036A1291-EF67-4E8B-9690-4A513FC09B29} = {309BC101-5086-4E06-9487-B078641D4259}
		{7756CA67-1A27-40FB-A3A1-46A7401891C2} = {309BC101-5086-4E06-9487-B078641D4259}
		{B79DDD61-D036-4764-8D61-6D571879740A} = {E73D257F-91D0-4009-9711-430104CAB3FC}
		{B02EB88A-530D-400E-B238-A7EE85D8AAE2} = {B79DDD61-D036-4764-8D61-6D571879740A}
		{26B343B8-AEEB-4871-BF7F-99BD8E3FFA6C} = {B79DDD61-D036-4764-8D61-6D571879740A}
		{F9639308-CBEA-489B-AEAD-D8A4D4757D4D} = {B79DDD61-D036-4764-8D61-6D571879740A}
		{B930958C-5A28-4703-9C7F-084E437A57F4} = {B79DDD61-D036-4764-8D61-6D571879740A}
		{07DF2E4F-8F6A-4874-96B4-3EF788E50991} = {E73D257F-91D0-4009-9711-430104CAB3FC}
		{F572485F-8FB8-4513-BFC5-BBE76683B75C} = {07DF2E4F-8F6A-4874-96B4-3EF788E50991}
		{1083A494-8C56-4C60-A036-4BFDDEF8DAA0} = {07DF2E4F-8F6A-4874-96B4-3EF788E50991}
		{90519605-E2BF-4ABC-9E4D-F0EE9764453E} = {07DF2E4F-8F6A-4874-96B4-3EF788E50991}
		{D20A146C-B3D9-4424-94EC-82CD0C54D53C} = {07DF2E4F-8F6A-4874-96B4-3EF788E50991}
		{D7D2C36C-B9D0-4164-9981-4232E525A11B} = {E73D257F-91D0-4009-9711-430104CAB3FC}
		{7ABC265D-C488-4C25-9252-C4238F673985} = {D7D2C36C-B9D0-4164-9981-4232E525A11B}
		{B430C6C7-B1DD-4A42-BB25-5F73966C5995} = {D7D2C36C-B9D0-4164-9981-4232E525A11B}
		{67C40A94-AD99-4922-B660-1B62A2DFFC39} = {D7D2C36C-B9D0-4164-9981-4232E525A11B}
		{9721C6A7-088A-4B91-93C2-2FE927292A08} = {D7D2C36C-B9D0-4164-9981-4232E525A11B}
		{868BB11A-D1D4-45D3-A209-8F38DB72FBEC} = {07DF2E4F-8F6A-4874-96B4-3EF788E50991}
		{FB269C62-6C92-4962-B5AD-F9B408359424} = {E73D257F-91D0-4009-9711-430104CAB3FC}
		{52C82508-C6C4-483A-8045-6BE98F7BC096} = {FB269C62-6C92-4962-B5AD-F9B408359424}
		{7A0ADAA2-BBA3-483A-8057-2C107DEBE5B2} = {2C6003FA-9166-4207-A472-1AAC076AEBEE}
		{E6D1B2D5-9042-4DFA-88D9-27ACC769E5ED} = {7A0ADAA2-BBA3-483A-8057-2C107DEBE5B2}
		{472F09F0-E1D1-4E78-A36E-F32A1B76A3D8} = {E6D1B2D5-9042-4DFA-88D9-27ACC769E5ED}
		{BF3E7612-A5A0-4D51-A738-FD6BDC8CE7B2} = {E6D1B2D5-9042-4DFA-88D9-27ACC769E5ED}
	EndGlobalSection
EndGlobal
